# This is a Gradle generated file for dependency locking.
# Manual edits can break the build and are not advised.
# This file is expected to be part of source control.
com.autonomousapps.dependency-analysis:com.autonomousapps.dependency-analysis.gradle.plugin:3.6.1=compileClasspath,testCompileClasspath
com.autonomousapps:dependency-analysis-gradle-plugin:3.6.1=compileClasspath,testCompileClasspath
com.diffplug.spotless:com.diffplug.spotless.gradle.plugin:8.2.1=testCompileClasspath
com.diffplug.spotless:com.diffplug.spotless.gradle.plugin:8.4.0=compileClasspath
com.diffplug.spotless:spotless-lib-extra:4.3.0=testCompileClasspath
com.diffplug.spotless:spotless-lib-extra:4.5.0=compileClasspath
com.diffplug.spotless:spotless-lib:4.3.0=testCompileClasspath
com.diffplug.spotless:spotless-lib:4.5.0=compileClasspath
com.diffplug.spotless:spotless-plugin-gradle:8.2.1=testCompileClasspath
com.diffplug.spotless:spotless-plugin-gradle:8.4.0=compileClasspath
com.ethlo.time:itu:1.14.0=compileClasspath,testCompileClasspath
com.fasterxml.jackson.core:jackson-annotations:2.21=compileClasspath,testCompileClasspath
com.fasterxml.jackson.core:jackson-core:2.20.1=compileClasspath,testCompileClasspath
com.fasterxml.jackson.core:jackson-databind:2.20.1=compileClasspath,testCompileClasspath
com.fasterxml.jackson.dataformat:jackson-dataformat-xml:2.20.1=compileClasspath,testCompileClasspath
com.fasterxml.jackson.dataformat:jackson-dataformat-yaml:2.20.1=compileClasspath,testCompileClasspath
com.fasterxml.jackson:jackson-bom:2.20.1=compileClasspath,testCompileClasspath
com.fasterxml.woodstox:woodstox-core:7.1.1=compileClasspath,testCompileClasspath
com.github.package-url:packageurl-java:1.5.0=compileClasspath,testCompileClasspath
com.github.spotbugs.snom:spotbugs-gradle-plugin:6.4.8=compileClasspath,testCompileClasspath
com.github.spotbugs:com.github.spotbugs.gradle.plugin:6.4.8=compileClasspath,testCompileClasspath
com.google.devtools.ksp:com.google.devtools.ksp.gradle.plugin:2.3.5=compileClasspath,testCompileClasspath
com.google.devtools.ksp:symbol-processing-gradle-plugin:2.3.5=compileClasspath,testCompileClasspath
com.gradle.develocity:com.gradle.develocity.gradle.plugin:4.3.2=compileClasspath,testCompileClasspath
com.gradle:develocity-gradle-plugin:4.3.2=compileClasspath,testCompileClasspath
com.gradleup.shadow:com.gradleup.shadow.gradle.plugin:9.3.1=compileClasspath,testCompileClasspath
com.gradleup.shadow:shadow-gradle-plugin:9.3.1=compileClasspath,testCompileClasspath
com.networknt:json-schema-validator:1.5.9=compileClasspath,testCompileClasspath
com.squareup.moshi:moshi-adapters:1.15.2=compileClasspath,testCompileClasspath
com.squareup.moshi:moshi:1.15.2=compileClasspath,testCompileClasspath
com.squareup.okio:okio-jvm:3.7.0=compileClasspath,testCompileClasspath
com.squareup.okio:okio:3.7.0=compileClasspath,testCompileClasspath
com.vanniktech.maven.publish:com.vanniktech.maven.publish.gradle.plugin:0.36.0=compileClasspath,testCompileClasspath
com.vanniktech:gradle-maven-publish-plugin:0.36.0=compileClasspath,testCompileClasspath
commons-codec:commons-codec:1.20.0=compileClasspath,testCompileClasspath
commons-io:commons-io:2.21.0=compileClasspath,testCompileClasspath
dev.detekt:detekt-gradle-plugin:2.0.0-alpha.2=compileClasspath,testCompileClasspath
dev.detekt:dev.detekt.gradle.plugin:2.0.0-alpha.2=compileClasspath,testCompileClasspath
dev.zacsweers.moshix:moshi-sealed-runtime:0.30.0=compileClasspath,testCompileClasspath
io.freefair.gradle:lombok-plugin:9.2.0=compileClasspath,testCompileClasspath
io.freefair.lombok:io.freefair.lombok.gradle.plugin:9.2.0=compileClasspath,testCompileClasspath
io.fuchs.gradle.classpath-collision-detector:classpath-collision-detector:1.0.0=compileClasspath,testCompileClasspath
io.fuchs.gradle.classpath-collision-detector:io.fuchs.gradle.classpath-collision-detector.gradle.plugin:1.0.0=compileClasspath,testCompileClasspath
io.github.java-diff-utils:java-diff-utils:4.12=kotlinInternalAbiValidation
me.champeau.jmh:jmh-gradle-plugin:0.7.3=compileClasspath,testCompileClasspath
me.champeau.jmh:me.champeau.jmh.gradle.plugin:0.7.3=compileClasspath,testCompileClasspath
net.ltgt.errorprone:net.ltgt.errorprone.gradle.plugin:5.0.0=compileClasspath,testCompileClasspath
net.ltgt.gradle:gradle-errorprone-plugin:5.0.0=compileClasspath,testCompileClasspath
net.ltgt.gradle:gradle-nullaway-plugin:3.0.0=compileClasspath,testCompileClasspath
net.ltgt.nullaway:net.ltgt.nullaway.gradle.plugin:3.0.0=compileClasspath,testCompileClasspath
net.swiftzer.semver:semver-jvm:2.1.0=compileClasspath,testCompileClasspath
net.swiftzer.semver:semver:2.1.0=compileClasspath,testCompileClasspath
org.apache.ant:ant-launcher:1.10.15=compileClasspath,testCompileClasspath
org.apache.ant:ant:1.10.15=compileClasspath,testCompileClasspath
org.apache.commons:commons-collections4:4.5.0=compileClasspath,testCompileClasspath
org.apache.commons:commons-lang3:3.19.0=compileClasspath,testCompileClasspath
org.apiguardian:apiguardian-api:1.1.2=testCompileClasspath
org.bouncycastle:bcpg-jdk18on:1.80=kotlinBouncyCastleConfiguration
org.bouncycastle:bcpkix-jdk18on:1.80=kotlinBouncyCastleConfiguration
org.bouncycastle:bcprov-jdk18on:1.80=kotlinBouncyCastleConfiguration
org.bouncycastle:bcutil-jdk18on:1.80=kotlinBouncyCastleConfiguration
org.codehaus.woodstox:stax2-api:4.2.2=compileClasspath,testCompileClasspath
org.cyclonedx.bom:org.cyclonedx.bom.gradle.plugin:3.1.0=compileClasspath,testCompileClasspath
org.cyclonedx:cyclonedx-core-java:11.0.1=compileClasspath,testCompileClasspath
org.cyclonedx:cyclonedx-gradle-plugin:3.1.0=compileClasspath,testCompileClasspath
org.gradlex.extra-java-module-info:org.gradlex.extra-java-module-info.gradle.plugin:1.14=compileClasspath,testCompileClasspath
org.gradlex.java-module-dependencies:org.gradlex.java-module-dependencies.gradle.plugin:1.12.1=compileClasspath,testCompileClasspath
org.gradlex.java-module-testing:org.gradlex.java-module-testing.gradle.plugin:1.8=compileClasspath,testCompileClasspath
org.gradlex.jvm-dependency-conflict-resolution:org.gradlex.jvm-dependency-conflict-resolution.gradle.plugin:2.5=compileClasspath,testCompileClasspath
org.gradlex:extra-java-module-info:1.14=compileClasspath,testCompileClasspath
org.gradlex:java-module-dependencies:1.12.1=compileClasspath,testCompileClasspath
org.gradlex:java-module-testing:1.8=compileClasspath,testCompileClasspath
org.gradlex:jvm-dependency-conflict-resolution:2.5=compileClasspath,testCompileClasspath
org.jetbrains.dokka:dokka-core:2.2.0-Beta=compileClasspath,testCompileClasspath
org.jetbrains.dokka:dokka-gradle-plugin:2.2.0-Beta=compileClasspath,testCompileClasspath
org.jetbrains.dokka:org.jetbrains.dokka.gradle.plugin:2.2.0-Beta=compileClasspath,testCompileClasspath
org.jetbrains.kotlin.kapt:org.jetbrains.kotlin.kapt.gradle.plugin:2.3.0=compileClasspath,testCompileClasspath
org.jetbrains.kotlin.plugin.jpa:org.jetbrains.kotlin.plugin.jpa.gradle.plugin:2.3.0=compileClasspath,testCompileClasspath
org.jetbrains.kotlin.plugin.lombok:org.jetbrains.kotlin.plugin.lombok.gradle.plugin:2.3.0=compileClasspath,testCompileClasspath
org.jetbrains.kotlin.plugin.sam.with.receiver:org.jetbrains.kotlin.plugin.sam.with.receiver.gradle.plugin:2.3.0=compileClasspath,testCompileClasspath
org.jetbrains.kotlin.plugin.spring:org.jetbrains.kotlin.plugin.spring.gradle.plugin:2.3.0=compileClasspath,testCompileClasspath
org.jetbrains.kotlin:abi-tools-api:2.3.0=kotlinInternalAbiValidation
org.jetbrains.kotlin:abi-tools:2.3.0=kotlinInternalAbiValidation
org.jetbrains.kotlin:fus-statistics-gradle-plugin:2.3.0=compileClasspath,testCompileClasspath
org.jetbrains.kotlin:kotlin-allopen:2.3.0=compileClasspath,testCompileClasspath
org.jetbrains.kotlin:kotlin-assignment-compiler-plugin-embeddable:2.3.0=kotlinCompilerPluginClasspathMain,kotlinCompilerPluginClasspathTest
org.jetbrains.kotlin:kotlin-build-tools-api:2.3.0=compileClasspath,kotlinBuildToolsApiClasspath,testCompileClasspath
org.jetbrains.kotlin:kotlin-build-tools-compat:2.3.0=kotlinBuildToolsApiClasspath
org.jetbrains.kotlin:kotlin-build-tools-impl:2.3.0=kotlinBuildToolsApiClasspath
org.jetbrains.kotlin:kotlin-compiler-embeddable:2.3.0=kotlinBuildToolsApiClasspath,kotlinCompilerClasspath,kotlinKlibCommonizerClasspath
org.jetbrains.kotlin:kotlin-compiler-runner:2.3.0=kotlinBuildToolsApiClasspath
org.jetbrains.kotlin:kotlin-daemon-client:2.3.0=kotlinBuildToolsApiClasspath
org.jetbrains.kotlin:kotlin-daemon-embeddable:2.3.0=kotlinBuildToolsApiClasspath,kotlinCompilerClasspath,kotlinKlibCommonizerClasspath
org.jetbrains.kotlin:kotlin-gradle-plugin-annotations:2.3.0=compileClasspath,testCompileClasspath
org.jetbrains.kotlin:kotlin-gradle-plugin-api:2.3.0=compileClasspath,testCompileClasspath
org.jetbrains.kotlin:kotlin-gradle-plugin:2.3.0=compileClasspath,testCompileClasspath
org.jetbrains.kotlin:kotlin-gradle-plugins-bom:2.3.0=compileClasspath,testCompileClasspath
org.jetbrains.kotlin:kotlin-klib-abi-reader:2.3.0=kotlinInternalAbiValidation
org.jetbrains.kotlin:kotlin-klib-commonizer-embeddable:2.3.0=kotlinKlibCommonizerClasspath
org.jetbrains.kotlin:kotlin-lombok:2.3.0=compileClasspath,testCompileClasspath
org.jetbrains.kotlin:kotlin-metadata-jvm:2.3.0=kotlinInternalAbiValidation
org.jetbrains.kotlin:kotlin-native-utils:2.3.0=compileClasspath,testCompileClasspath
org.jetbrains.kotlin:kotlin-noarg:2.3.0=compileClasspath,testCompileClasspath
org.jetbrains.kotlin:kotlin-reflect:1.6.10=kotlinBuildToolsApiClasspath,kotlinCompilerClasspath,kotlinKlibCommonizerClasspath
org.jetbrains.kotlin:kotlin-reflect:2.3.0=compileClasspath,embeddedKotlin,testCompileClasspath
org.jetbrains.kotlin:kotlin-sam-with-receiver-compiler-plugin-embeddable:2.3.0=kotlinCompilerPluginClasspathMain,kotlinCompilerPluginClasspathTest
org.jetbrains.kotlin:kotlin-sam-with-receiver:2.3.0=compileClasspath,testCompileClasspath
org.jetbrains.kotlin:kotlin-script-runtime:2.3.0=compilePluginsBlocksPluginClasspathElements,kotlinBuildToolsApiClasspath,kotlinCompilerClasspath,kotlinCompilerPluginClasspathMain,kotlinCompilerPluginClasspathTest,kotlinKlibCommonizerClasspath
org.jetbrains.kotlin:kotlin-scripting-common:2.3.0=compilePluginsBlocksPluginClasspathElements,kotlinCompilerPluginClasspathMain,kotlinCompilerPluginClasspathTest
org.jetbrains.kotlin:kotlin-scripting-compiler-embeddable:2.3.0=compilePluginsBlocksPluginClasspathElements,kotlinCompilerPluginClasspathMain,kotlinCompilerPluginClasspathTest
org.jetbrains.kotlin:kotlin-scripting-compiler-impl-embeddable:2.3.0=compilePluginsBlocksPluginClasspathElements,kotlinCompilerPluginClasspathMain,kotlinCompilerPluginClasspathTest
org.jetbrains.kotlin:kotlin-scripting-jvm:2.3.0=compilePluginsBlocksPluginClasspathElements,kotlinCompilerPluginClasspathMain,kotlinCompilerPluginClasspathTest
org.jetbrains.kotlin:kotlin-stdlib-jdk7:1.8.21=compileClasspath,testCompileClasspath
org.jetbrains.kotlin:kotlin-stdlib-jdk8:1.8.21=compileClasspath,testCompileClasspath
org.jetbrains.kotlin:kotlin-stdlib:2.3.0=compileClasspath,compilePluginsBlocksPluginClasspathElements,embeddedKotlin,kotlinBuildToolsApiClasspath,kotlinCompilerClasspath,kotlinCompilerPluginClasspathMain,kotlinCompilerPluginClasspathTest,kotlinInternalAbiValidation,kotlinKlibCommonizerClasspath,testCompileClasspath
org.jetbrains.kotlin:kotlin-test-junit5:2.3.0=testCompileClasspath
org.jetbrains.kotlin:kotlin-test:2.3.0=testCompileClasspath
org.jetbrains.kotlin:kotlin-tooling-core:2.3.0=compileClasspath,kotlinBuildToolsApiClasspath,testCompileClasspath
org.jetbrains.kotlin:kotlin-util-io:2.3.0=compileClasspath,testCompileClasspath
org.jetbrains.kotlinx.kover:org.jetbrains.kotlinx.kover.gradle.plugin:0.9.7=testCompileClasspath
org.jetbrains.kotlinx.kover:org.jetbrains.kotlinx.kover.gradle.plugin:0.9.8=compileClasspath
org.jetbrains.kotlinx:kotlinx-coroutines-bom:1.10.2=compileClasspath,testCompileClasspath
org.jetbrains.kotlinx:kotlinx-coroutines-core-jvm:1.10.2=compileClasspath,testCompileClasspath
org.jetbrains.kotlinx:kotlinx-coroutines-core-jvm:1.8.0=kotlinBuildToolsApiClasspath,kotlinCompilerClasspath,kotlinKlibCommonizerClasspath
org.jetbrains.kotlinx:kotlinx-coroutines-core:1.10.2=compileClasspath,testCompileClasspath
org.jetbrains.kotlinx:kover-gradle-plugin:0.9.7=testCompileClasspath
org.jetbrains.kotlinx:kover-gradle-plugin:0.9.8=compileClasspath
org.jetbrains:annotations:13.0=compilePluginsBlocksPluginClasspathElements,embeddedKotlin,kotlinBuildToolsApiClasspath,kotlinCompilerClasspath,kotlinCompilerPluginClasspathMain,kotlinCompilerPluginClasspathTest,kotlinInternalAbiValidation,kotlinKlibCommonizerClasspath
org.jetbrains:annotations:23.0.0=compileClasspath,testCompileClasspath
org.jspecify:jspecify:1.0.0=compileClasspath,testCompileClasspath
org.junit.jupiter:junit-jupiter-api:5.10.1=testCompileClasspath
org.junit.jupiter:junit-jupiter-params:5.10.1=testCompileClasspath
org.junit.platform:junit-platform-commons:1.10.1=testCompileClasspath
org.junit:junit-bom:5.10.1=testCompileClasspath
org.openapi.generator:org.openapi.generator.gradle.plugin:7.19.0=compileClasspath,testCompileClasspath
org.openapitools:openapi-generator-gradle-plugin:7.19.0=compileClasspath,testCompileClasspath
org.openrewrite.rewrite:org.openrewrite.rewrite.gradle.plugin:7.28.0=compileClasspath,testCompileClasspath
org.openrewrite:plugin:7.28.0=compileClasspath,testCompileClasspath
org.opentest4j:opentest4j:1.3.0=testCompileClasspath
org.slf4j:slf4j-api:2.0.17=compileClasspath,testCompileClasspath
org.springframework.boot:org.springframework.boot.gradle.plugin:4.1.0-M1=compileClasspath,testCompileClasspath
org.springframework.boot:spring-boot-gradle-plugin:4.1.0-M1=compileClasspath,testCompileClasspath
org.yaml:snakeyaml:2.4=compileClasspath,testCompileClasspath
tools.jackson:jackson-bom:3.1.0=compileClasspath,testCompileClasspath
empty=annotationProcessor,implementationDependenciesMetadata,kotlinCompilerPluginClasspath,kotlinNativeCompilerPluginClasspath,kotlinScriptDefExtensions,testAnnotationProcessor,testImplementationDependenciesMetadata,testKotlinScriptDefExtensions
