lockfileVersion: '9.0'

settings:
  autoInstallPeers: true
  excludeLinksFromLockfile: false

importers:

  .:
    devDependencies:
      '@astrojs/check':
        specifier: ^0.9.6
        version: 0.9.6(prettier@3.8.1)(typescript@5.9.3)
      typescript:
        specifier: ^5.9.3
        version: 5.9.3

packages:

  '@astrojs/check@0.9.6':
    resolution: {integrity: sha512-jlaEu5SxvSgmfGIFfNgcn5/f+29H61NJzEMfAZ82Xopr4XBchXB1GVlcJsE+elUlsYSbXlptZLX+JMG3b/wZEA==}
    hasBin: true
    peerDependencies:
      typescript: ^5.0.0

  '@astrojs/compiler@2.13.1':
    resolution: {integrity: sha512-f3FN83d2G/v32ipNClRKgYv30onQlMZX1vCeZMjPsMMPl1mDpmbl0+N5BYo4S/ofzqJyS5hvwacEo0CCVDn/Qg==}

  '@astrojs/language-server@2.16.3':
    resolution: {integrity: sha512-yO5K7RYCMXUfeDlnU6UnmtnoXzpuQc0yhlaCNZ67k1C/MiwwwvMZz+LGa+H35c49w5QBfvtr4w4Zcf5PcH8uYA==}
    hasBin: true
    peerDependencies:
      prettier: ^3.0.0
      prettier-plugin-astro: '>=0.11.0'
    peerDependenciesMeta:
      prettier:
        optional: true
      prettier-plugin-astro:
        optional: true

  '@astrojs/yaml2ts@0.2.2':
    resolution: {integrity: sha512-GOfvSr5Nqy2z5XiwqTouBBpy5FyI6DEe+/g/Mk5am9SjILN1S5fOEvYK0GuWHg98yS/dobP4m8qyqw/URW35fQ==}

  '@emmetio/abbreviation@2.3.3':
    resolution: {integrity: sha512-mgv58UrU3rh4YgbE/TzgLQwJ3pFsHHhCLqY20aJq+9comytTXUDNGG/SMtSeMJdkpxgXSXunBGLD8Boka3JyVA==}

  '@emmetio/css-abbreviation@2.1.8':
    resolution: {integrity: sha512-s9yjhJ6saOO/uk1V74eifykk2CBYi01STTK3WlXWGOepyKa23ymJ053+DNQjpFcy1ingpaO7AxCcwLvHFY9tuw==}

  '@emmetio/css-parser@0.4.1':
    resolution: {integrity: sha512-2bC6m0MV/voF4CTZiAbG5MWKbq5EBmDPKu9Sb7s7nVcEzNQlrZP6mFFFlIaISM8X6514H9shWMme1fCm8cWAfQ==}

  '@emmetio/html-matcher@1.3.0':
    resolution: {integrity: sha512-NTbsvppE5eVyBMuyGfVu2CRrLvo7J4YHb6t9sBFLyY03WYhXET37qA4zOYUjBWFCRHO7pS1B9khERtY0f5JXPQ==}

  '@emmetio/scanner@1.0.4':
    resolution: {integrity: sha512-IqRuJtQff7YHHBk4G8YZ45uB9BaAGcwQeVzgj/zj8/UdOhtQpEIupUhSk8dys6spFIWVZVeK20CzGEnqR5SbqA==}

  '@emmetio/stream-reader-utils@0.1.0':
    resolution: {integrity: sha512-ZsZ2I9Vzso3Ho/pjZFsmmZ++FWeEd/txqybHTm4OgaZzdS8V9V/YYWQwg5TC38Z7uLWUV1vavpLLbjJtKubR1A==}

  '@emmetio/stream-reader@2.2.0':
    resolution: {integrity: sha512-fXVXEyFA5Yv3M3n8sUGT7+fvecGrZP4k6FnWWMSZVQf69kAq0LLpaBQLGcPR30m3zMmKYhECP4k/ZkzvhEW5kw==}

  '@jridgewell/sourcemap-codec@1.5.5':
    resolution: {integrity: sha512-cYQ9310grqxueWbl+WuIUIaiUaDcj7WOq5fVhEljNVgRfOUhY9fy2zTvfoqWsnebh8Sl70VScFbICvJnLKB0Og==}

  '@volar/kit@2.4.28':
    resolution: {integrity: sha512-cKX4vK9dtZvDRaAzeoUdaAJEew6IdxHNCRrdp5Kvcl6zZOqb6jTOfk3kXkIkG3T7oTFXguEMt5+9ptyqYR84Pg==}
    peerDependencies:
      typescript: '*'

  '@volar/language-core@2.4.28':
    resolution: {integrity: sha512-w4qhIJ8ZSitgLAkVay6AbcnC7gP3glYM3fYwKV3srj8m494E3xtrCv6E+bWviiK/8hs6e6t1ij1s2Endql7vzQ==}

  '@volar/language-server@2.4.28':
    resolution: {integrity: sha512-NqcLnE5gERKuS4PUFwlhMxf6vqYo7hXtbMFbViXcbVkbZ905AIVWhnSo0ZNBC2V127H1/2zP7RvVOVnyITFfBw==}

  '@volar/language-service@2.4.28':
    resolution: {integrity: sha512-Rh/wYCZJrI5vCwMk9xyw/Z+MsWxlJY1rmMZPsxUoJKfzIRjS/NF1NmnuEcrMbEVGja00aVpCsInJfixQTMdvLw==}

  '@volar/source-map@2.4.28':
    resolution: {integrity: sha512-yX2BDBqJkRXfKw8my8VarTyjv48QwxdJtvRgUpNE5erCsgEUdI2DsLbpa+rOQVAJYshY99szEcRDmyHbF10ggQ==}

  '@volar/typescript@2.4.28':
    resolution: {integrity: sha512-Ja6yvWrbis2QtN4ClAKreeUZPVYMARDYZl9LMEv1iQ1QdepB6wn0jTRxA9MftYmYa4DQ4k/DaSZpFPUfxl8giw==}

  '@vscode/emmet-helper@2.11.0':
    resolution: {integrity: sha512-QLxjQR3imPZPQltfbWRnHU6JecWTF1QSWhx3GAKQpslx7y3Dp6sIIXhKjiUJ/BR9FX8PVthjr9PD6pNwOJfAzw==}

  '@vscode/l10n@0.0.18':
    resolution: {integrity: sha512-KYSIHVmslkaCDyw013pphY+d7x1qV8IZupYfeIfzNA+nsaWHbn5uPuQRvdRFsa9zFzGeudPuoGoZ1Op4jrJXIQ==}

  ajv-draft-04@1.0.0:
    resolution: {integrity: sha512-mv00Te6nmYbRp5DCwclxtt7yV/joXJPGS7nM+97GdxvuttCOfgI3K4U25zboyeX0O+myI8ERluxQe5wljMmVIw==}
    peerDependencies:
      ajv: ^8.5.0
    peerDependenciesMeta:
      ajv:
        optional: true

  ajv@8.18.0:
    resolution: {integrity: sha512-PlXPeEWMXMZ7sPYOHqmDyCJzcfNrUr3fGNKtezX14ykXOEIvyK81d+qydx89KY5O71FKMPaQ2vBfBFI5NHR63A==}

  ansi-regex@5.0.1:
    resolution: {integrity: sha512-quJQXlTSUGL2LH9SUXo8VwsY4soanhgo6LNSm84E1LBcE8s3O0wpdiRzyR9z/ZZJMlMWv37qOOb9pdJlMUEKFQ==}
    engines: {node: '>=8'}

  ansi-styles@4.3.0:
    resolution: {integrity: sha512-zbB9rCJAT1rbjiVDb2hqKFHNYLxgtk8NURxZ3IZwD3F6NtxbXZQCnnSi1Lkx+IDohdPlFp222wVALIheZJQSEg==}
    engines: {node: '>=8'}

  chokidar@4.0.3:
    resolution: {integrity: sha512-Qgzu8kfBvo+cA4962jnP1KkS6Dop5NS6g7R5LFYJr4b8Ub94PPQXUksCw9PvXoeXPRRddRNC5C1JQUR2SMGtnA==}
    engines: {node: '>= 14.16.0'}

  cliui@8.0.1:
    resolution: {integrity: sha512-BSeNnyus75C4//NQ9gQt1/csTXyo/8Sb+afLAkzAptFuMsod9HFokGNudZpi/oQV73hnVK+sR+5PVRMd+Dr7YQ==}
    engines: {node: '>=12'}

  color-convert@2.0.1:
    resolution: {integrity: sha512-RRECPsj7iu/xb5oKYcsFHSppFNnsj/52OVTRKb4zP5onXwVF3zVmmToNcOfGC+CRDpfK/U584fMg38ZHCaElKQ==}
    engines: {node: '>=7.0.0'}

  color-name@1.1.4:
    resolution: {integrity: sha512-dOy+3AuW3a2wNbZHIuMZpTcgjGuLU/uBL/ubcZF9OXbDo8ff4O8yVp5Bf0efS8uEoYo5q4Fx7dY9OgQGXgAsQA==}

  emmet@2.4.11:
    resolution: {integrity: sha512-23QPJB3moh/U9sT4rQzGgeyyGIrcM+GH5uVYg2C6wZIxAIJq7Ng3QLT79tl8FUwDXhyq9SusfknOrofAKqvgyQ==}

  emoji-regex@8.0.0:
    resolution: {integrity: sha512-MSjYzcWNOA0ewAHpz0MxpYFvwg6yjy1NG3xteoqz644VCo/RPgnr1/GGt+ic3iJTzQ8Eu3TdM14SawnVUmGE6A==}

  escalade@3.2.0:
    resolution: {integrity: sha512-WUj2qlxaQtO4g6Pq5c29GTcWGDyd8itL8zTlipgECz3JesAiiOKotd8JU6otB3PACgG6xkJUyVhboMS+bje/jA==}
    engines: {node: '>=6'}

  fast-deep-equal@3.1.3:
    resolution: {integrity: sha512-f3qQ9oQy9j2AhBe/H9VC91wLmKBCCU/gDOnKNAYG5hswO7BLKj09Hc5HYNz9cGI++xlpDCIgDaitVs03ATR84Q==}

  fast-uri@3.1.0:
    resolution: {integrity: sha512-iPeeDKJSWf4IEOasVVrknXpaBV0IApz/gp7S2bb7Z4Lljbl2MGJRqInZiUrQwV16cpzw/D3S5j5Julj/gT52AA==}

  fdir@6.5.0:
    resolution: {integrity: sha512-tIbYtZbucOs0BRGqPJkshJUYdL+SDH7dVM8gjy+ERp3WAUjLEFJE+02kanyHtwjWOnwrKYBiwAmM0p4kLJAnXg==}
    engines: {node: '>=12.0.0'}
    peerDependencies:
      picomatch: ^3 || ^4
    peerDependenciesMeta:
      picomatch:
        optional: true

  get-caller-file@2.0.5:
    resolution: {integrity: sha512-DyFP3BM/3YHTQOCUL/w0OZHR0lpKeGrxotcHWcqNEdnltqFwXVfhEBQ94eIo34AfQpo0rGki4cyIiftY06h2Fg==}
    engines: {node: 6.* || 8.* || >= 10.*}

  is-fullwidth-code-point@3.0.0:
    resolution: {integrity: sha512-zymm5+u+sCsSWyD9qNaejV3DFvhCKclKdizYaJUuHA83RLjb7nSuGnddCHGv0hk+KY7BMAlsWeK4Ueg6EV6XQg==}
    engines: {node: '>=8'}

  json-schema-traverse@1.0.0:
    resolution: {integrity: sha512-NM8/P9n3XjXhIZn1lLhkFaACTOURQXjWhV4BA/RnOv8xvgqtqpAX9IO4mRQxSx1Rlo4tqzeqb0sOlruaOy3dug==}

  jsonc-parser@2.3.1:
    resolution: {integrity: sha512-H8jvkz1O50L3dMZCsLqiuB2tA7muqbSg1AtGEkN0leAqGjsUzDJir3Zwr02BhqdcITPg3ei3mZ+HjMocAknhhg==}

  jsonc-parser@3.3.1:
    resolution: {integrity: sha512-HUgH65KyejrUFPvHFPbqOY0rsFip3Bo5wb4ngvdi1EpCYWUQDC5V+Y7mZws+DLkr4M//zQJoanu1SP+87Dv1oQ==}

  kleur@4.1.5:
    resolution: {integrity: sha512-o+NO+8WrRiQEE4/7nwRJhN1HWpVmJm511pBHUxPLtp0BUISzlBplORYSmTclCnJvQq2tKu/sgl3xVpkc7ZWuQQ==}
    engines: {node: '>=6'}

  lodash@4.17.21:
    resolution: {integrity: sha512-v2kDEe57lecTulaDIuNTPy3Ry4gLGJ6Z1O3vE1krgXZNrsQ+LFTGHVxVjcXPs17LhbZVGedAJv8XZ1tvj5FvSg==}

  muggle-string@0.4.1:
    resolution: {integrity: sha512-VNTrAak/KhO2i8dqqnqnAHOa3cYBwXEZe9h+D5h/1ZqFSTEFHdM65lR7RoIqq3tBBYavsOXV84NoHXZ0AkPyqQ==}

  path-browserify@1.0.1:
    resolution: {integrity: sha512-b7uo2UCUOYZcnF/3ID0lulOJi/bafxa1xPe7ZPsammBSpjSWQkjNxlt635YGS2MiR9GjvuXCtz2emr3jbsz98g==}

  picomatch@4.0.3:
    resolution: {integrity: sha512-5gTmgEY/sqK6gFXLIsQNH19lWb4ebPDLA4SdLP7dsWkIXHWlG66oPuVvXSGFPppYZz8ZDZq0dYYrbHfBCVUb1Q==}
    engines: {node: '>=12'}

  prettier@3.8.1:
    resolution: {integrity: sha512-UOnG6LftzbdaHZcKoPFtOcCKztrQ57WkHDeRD9t/PTQtmT0NHSeWWepj6pS0z/N7+08BHFDQVUrfmfMRcZwbMg==}
    engines: {node: '>=14'}
    hasBin: true

  readdirp@4.1.2:
    resolution: {integrity: sha512-GDhwkLfywWL2s6vEjyhri+eXmfH6j1L7JE27WhqLeYzoh/A3DBaYGEj2H/HFZCn/kMfim73FXxEJTw06WtxQwg==}
    engines: {node: '>= 14.18.0'}

  request-light@0.5.8:
    resolution: {integrity: sha512-3Zjgh+8b5fhRJBQZoy+zbVKpAQGLyka0MPgW3zruTF4dFFJ8Fqcfu9YsAvi/rvdcaTeWG3MkbZv4WKxAn/84Lg==}

  request-light@0.7.0:
    resolution: {integrity: sha512-lMbBMrDoxgsyO+yB3sDcrDuX85yYt7sS8BfQd11jtbW/z5ZWgLZRcEGLsLoYw7I0WSUGQBs8CC8ScIxkTX1+6Q==}

  require-directory@2.1.1:
    resolution: {integrity: sha512-fGxEI7+wsG9xrvdjsrlmL22OMTTiHRwAMroiEeMgq8gzoLC/PQr7RsRDSTLUg/bZAZtF+TVIkHc6/4RIKrui+Q==}
    engines: {node: '>=0.10.0'}

  require-from-string@2.0.2:
    resolution: {integrity: sha512-Xf0nWe6RseziFMu+Ap9biiUbmplq6S9/p+7w7YXP/JBHhrUDDUhwa+vANyubuqfZWTveU//DYVGsDG7RKL/vEw==}
    engines: {node: '>=0.10.0'}

  semver@7.7.4:
    resolution: {integrity: sha512-vFKC2IEtQnVhpT78h1Yp8wzwrf8CM+MzKMHGJZfBtzhZNycRFnXsHk6E5TxIkkMsgNS7mdX3AGB7x2QM2di4lA==}
    engines: {node: '>=10'}
    hasBin: true

  string-width@4.2.3:
    resolution: {integrity: sha512-wKyQRQpjJ0sIp62ErSZdGsjMJWsap5oRNihHhu6G7JVO/9jIB6UyevL+tXuOqrng8j/cxKTWyWUwvSTriiZz/g==}
    engines: {node: '>=8'}

  strip-ansi@6.0.1:
    resolution: {integrity: sha512-Y38VPSHcqkFrCpFnQ9vuSXmquuv5oXOKpGeT6aGrr3o3Gc9AlVa6JBfUSOCnbxGGZF+/0ooI7KrPuUSztUdU5A==}
    engines: {node: '>=8'}

  tinyglobby@0.2.15:
    resolution: {integrity: sha512-j2Zq4NyQYG5XMST4cbs02Ak8iJUdxRM0XI5QyxXuZOzKOINmWurp3smXu3y5wDcJrptwpSjgXHzIQxR0omXljQ==}
    engines: {node: '>=12.0.0'}

  typesafe-path@0.2.2:
    resolution: {integrity: sha512-OJabfkAg1WLZSqJAJ0Z6Sdt3utnbzr/jh+NAHoyWHJe8CMSy79Gm085094M9nvTPy22KzTVn5Zq5mbapCI/hPA==}

  typescript-auto-import-cache@0.3.6:
    resolution: {integrity: sha512-RpuHXrknHdVdK7wv/8ug3Fr0WNsNi5l5aB8MYYuXhq2UH5lnEB1htJ1smhtD5VeCsGr2p8mUDtd83LCQDFVgjQ==}

  typescript@5.9.3:
    resolution: {integrity: sha512-jl1vZzPDinLr9eUt3J/t7V6FgNEw9QjvBPdysz9KfQDD41fQrC2Y4vKQdiaUpFT4bXlb1RHhLpp8wtm6M5TgSw==}
    engines: {node: '>=14.17'}
    hasBin: true

  volar-service-css@0.0.68:
    resolution: {integrity: sha512-lJSMh6f3QzZ1tdLOZOzovLX0xzAadPhx8EKwraDLPxBndLCYfoTvnNuiFFV8FARrpAlW5C0WkH+TstPaCxr00Q==}
    peerDependencies:
      '@volar/language-service': ~2.4.0
    peerDependenciesMeta:
      '@volar/language-service':
        optional: true

  volar-service-emmet@0.0.68:
    resolution: {integrity: sha512-nHvixrRQ83EzkQ4G/jFxu9Y4eSsXS/X2cltEPDM+K9qZmIv+Ey1w0tg1+6caSe8TU5Hgw4oSTwNMf/6cQb3LzQ==}
    peerDependencies:
      '@volar/language-service': ~2.4.0
    peerDependenciesMeta:
      '@volar/language-service':
        optional: true

  volar-service-html@0.0.68:
    resolution: {integrity: sha512-fru9gsLJxy33xAltXOh4TEdi312HP80hpuKhpYQD4O5hDnkNPEBdcQkpB+gcX0oK0VxRv1UOzcGQEUzWCVHLfA==}
    peerDependencies:
      '@volar/language-service': ~2.4.0
    peerDependenciesMeta:
      '@volar/language-service':
        optional: true

  volar-service-prettier@0.0.68:
    resolution: {integrity: sha512-grUmWHkHlebMOd6V8vXs2eNQUw/bJGJMjekh/EPf/p2ZNTK0Uyz7hoBRngcvGfJHMsSXZH8w/dZTForIW/4ihw==}
    peerDependencies:
      '@volar/language-service': ~2.4.0
      prettier: ^2.2 || ^3.0
    peerDependenciesMeta:
      '@volar/language-service':
        optional: true
      prettier:
        optional: true

  volar-service-typescript-twoslash-queries@0.0.68:
    resolution: {integrity: sha512-NugzXcM0iwuZFLCJg47vI93su5YhTIweQuLmZxvz5ZPTaman16JCvmDZexx2rd5T/75SNuvvZmrTOTNYUsfe5w==}
    peerDependencies:
      '@volar/language-service': ~2.4.0
    peerDependenciesMeta:
      '@volar/language-service':
        optional: true

  volar-service-typescript@0.0.68:
    resolution: {integrity: sha512-z7B/7CnJ0+TWWFp/gh2r5/QwMObHNDiQiv4C9pTBNI2Wxuwymd4bjEORzrJ/hJ5Yd5+OzeYK+nFCKevoGEEeKw==}
    peerDependencies:
      '@volar/language-service': ~2.4.0
    peerDependenciesMeta:
      '@volar/language-service':
        optional: true

  volar-service-yaml@0.0.68:
    resolution: {integrity: sha512-84XgE02LV0OvTcwfqhcSwVg4of3MLNUWPMArO6Aj8YXqyEVnPu8xTEMY2btKSq37mVAPuaEVASI4e3ptObmqcA==}
    peerDependencies:
      '@volar/language-service': ~2.4.0
    peerDependenciesMeta:
      '@volar/language-service':
        optional: true

  vscode-css-languageservice@6.3.9:
    resolution: {integrity: sha512-1tLWfp+TDM5ZuVWht3jmaY5y7O6aZmpeXLoHl5bv1QtRsRKt4xYGRMmdJa5Pqx/FTkgRbsna9R+Gn2xE+evVuA==}

  vscode-html-languageservice@5.6.1:
    resolution: {integrity: sha512-5Mrqy5CLfFZUgkyhNZLA1Ye5g12Cb/v6VM7SxUzZUaRKWMDz4md+y26PrfRTSU0/eQAl3XpO9m2og+GGtDMuaA==}

  vscode-json-languageservice@4.1.8:
    resolution: {integrity: sha512-0vSpg6Xd9hfV+eZAaYN63xVVMOTmJ4GgHxXnkLCh+9RsQBkWKIghzLhW2B9ebfG+LQQg8uLtsQ2aUKjTgE+QOg==}
    engines: {npm: '>=7.0.0'}

  vscode-jsonrpc@8.2.0:
    resolution: {integrity: sha512-C+r0eKJUIfiDIfwJhria30+TYWPtuHJXHtI7J0YlOmKAo7ogxP20T0zxB7HZQIFhIyvoBPwWskjxrvAtfjyZfA==}
    engines: {node: '>=14.0.0'}

  vscode-languageserver-protocol@3.17.5:
    resolution: {integrity: sha512-mb1bvRJN8SVznADSGWM9u/b07H7Ecg0I3OgXDuLdn307rl/J3A9YD6/eYOssqhecL27hK1IPZAsaqh00i/Jljg==}

  vscode-languageserver-textdocument@1.0.12:
    resolution: {integrity: sha512-cxWNPesCnQCcMPeenjKKsOCKQZ/L6Tv19DTRIGuLWe32lyzWhihGVJ/rcckZXJxfdKCFvRLS3fpBIsV/ZGX4zA==}

  vscode-languageserver-types@3.17.5:
    resolution: {integrity: sha512-Ld1VelNuX9pdF39h2Hgaeb5hEZM2Z3jUrrMgWQAu82jMtZp7p3vJT3BzToKtZI7NgQssZje5o0zryOrhQvzQAg==}

  vscode-languageserver@9.0.1:
    resolution: {integrity: sha512-woByF3PDpkHFUreUa7Hos7+pUWdeWMXRd26+ZX2A8cFx6v/JPTtd4/uN0/jB6XQHYaOlHbio03NTHCqrgG5n7g==}
    hasBin: true

  vscode-nls@5.2.0:
    resolution: {integrity: sha512-RAaHx7B14ZU04EU31pT+rKz2/zSl7xMsfIZuo8pd+KZO6PXtQmpevpq3vxvWNcrGbdmhM/rr5Uw5Mz+NBfhVng==}

  vscode-uri@3.1.0:
    resolution: {integrity: sha512-/BpdSx+yCQGnCvecbyXdxHDkuk55/G3xwnC0GqY4gmQ3j+A+g8kzzgB4Nk/SINjqn6+waqw3EgbVF2QKExkRxQ==}

  wrap-ansi@7.0.0:
    resolution: {integrity: sha512-YVGIj2kamLSTxw6NsZjoBxfSwsn0ycdesmc4p+Q21c5zPuZ1pl+NfxVdxPtdHvmNVOQ6XSYG4AUtyt/Fi7D16Q==}
    engines: {node: '>=10'}

  y18n@5.0.8:
    resolution: {integrity: sha512-0pfFzegeDWJHJIAmTLRP2DwHjdF5s7jo9tuztdQxAhINCdvS+3nGINqPd00AphqJR/0LhANUS6/+7SCb98YOfA==}
    engines: {node: '>=10'}

  yaml-language-server@1.19.2:
    resolution: {integrity: sha512-9F3myNmJzUN/679jycdMxqtydPSDRAarSj3wPiF7pchEPnO9Dg07Oc+gIYLqXR4L+g+FSEVXXv2+mr54StLFOg==}
    hasBin: true

  yaml@2.7.1:
    resolution: {integrity: sha512-10ULxpnOCQXxJvBgxsn9ptjq6uviG/htZKk9veJGhlqn3w/DxQ631zFF+nlQXLwmImeS5amR2dl2U8sg6U9jsQ==}
    engines: {node: '>= 14'}
    hasBin: true

  yaml@2.8.2:
    resolution: {integrity: sha512-mplynKqc1C2hTVYxd0PU2xQAc22TI1vShAYGksCCfxbn/dFwnHTNi1bvYsBTkhdUNtGIf5xNOg938rrSSYvS9A==}
    engines: {node: '>= 14.6'}
    hasBin: true

  yargs-parser@21.1.1:
    resolution: {integrity: sha512-tVpsJW7DdjecAiFpbIB1e3qxIQsE6NoPc5/eTdrbbIC4h0LVsWhnoa3g+m2HclBIujHzsxZ4VJVA+GUuc2/LBw==}
    engines: {node: '>=12'}

  yargs@17.7.2:
    resolution: {integrity: sha512-7dSzzRQ++CKnNI/krKnYRV7JKKPUXMEh61soaHKg9mrWEhzFWhFnxPxGl+69cD1Ou63C13NUPCnmIcrvqCuM6w==}
    engines: {node: '>=12'}

snapshots:

  '@astrojs/check@0.9.6(prettier@3.8.1)(typescript@5.9.3)':
    dependencies:
      '@astrojs/language-server': 2.16.3(prettier@3.8.1)(typescript@5.9.3)
      chokidar: 4.0.3
      kleur: 4.1.5
      typescript: 5.9.3
      yargs: 17.7.2
    transitivePeerDependencies:
      - prettier
      - prettier-plugin-astro

  '@astrojs/compiler@2.13.1': {}

  '@astrojs/language-server@2.16.3(prettier@3.8.1)(typescript@5.9.3)':
    dependencies:
      '@astrojs/compiler': 2.13.1
      '@astrojs/yaml2ts': 0.2.2
      '@jridgewell/sourcemap-codec': 1.5.5
      '@volar/kit': 2.4.28(typescript@5.9.3)
      '@volar/language-core': 2.4.28
      '@volar/language-server': 2.4.28
      '@volar/language-service': 2.4.28
      muggle-string: 0.4.1
      tinyglobby: 0.2.15
      volar-service-css: 0.0.68(@volar/language-service@2.4.28)
      volar-service-emmet: 0.0.68(@volar/language-service@2.4.28)
      volar-service-html: 0.0.68(@volar/language-service@2.4.28)
      volar-service-prettier: 0.0.68(@volar/language-service@2.4.28)(prettier@3.8.1)
      volar-service-typescript: 0.0.68(@volar/language-service@2.4.28)
      volar-service-typescript-twoslash-queries: 0.0.68(@volar/language-service@2.4.28)
      volar-service-yaml: 0.0.68(@volar/language-service@2.4.28)
      vscode-html-languageservice: 5.6.1
      vscode-uri: 3.1.0
    optionalDependencies:
      prettier: 3.8.1
    transitivePeerDependencies:
      - typescript

  '@astrojs/yaml2ts@0.2.2':
    dependencies:
      yaml: 2.8.2

  '@emmetio/abbreviation@2.3.3':
    dependencies:
      '@emmetio/scanner': 1.0.4

  '@emmetio/css-abbreviation@2.1.8':
    dependencies:
      '@emmetio/scanner': 1.0.4

  '@emmetio/css-parser@0.4.1':
    dependencies:
      '@emmetio/stream-reader': 2.2.0
      '@emmetio/stream-reader-utils': 0.1.0

  '@emmetio/html-matcher@1.3.0':
    dependencies:
      '@emmetio/scanner': 1.0.4

  '@emmetio/scanner@1.0.4': {}

  '@emmetio/stream-reader-utils@0.1.0': {}

  '@emmetio/stream-reader@2.2.0': {}

  '@jridgewell/sourcemap-codec@1.5.5': {}

  '@volar/kit@2.4.28(typescript@5.9.3)':
    dependencies:
      '@volar/language-service': 2.4.28
      '@volar/typescript': 2.4.28
      typesafe-path: 0.2.2
      typescript: 5.9.3
      vscode-languageserver-textdocument: 1.0.12
      vscode-uri: 3.1.0

  '@volar/language-core@2.4.28':
    dependencies:
      '@volar/source-map': 2.4.28

  '@volar/language-server@2.4.28':
    dependencies:
      '@volar/language-core': 2.4.28
      '@volar/language-service': 2.4.28
      '@volar/typescript': 2.4.28
      path-browserify: 1.0.1
      request-light: 0.7.0
      vscode-languageserver: 9.0.1
      vscode-languageserver-protocol: 3.17.5
      vscode-languageserver-textdocument: 1.0.12
      vscode-uri: 3.1.0

  '@volar/language-service@2.4.28':
    dependencies:
      '@volar/language-core': 2.4.28
      vscode-languageserver-protocol: 3.17.5
      vscode-languageserver-textdocument: 1.0.12
      vscode-uri: 3.1.0

  '@volar/source-map@2.4.28': {}

  '@volar/typescript@2.4.28':
    dependencies:
      '@volar/language-core': 2.4.28
      path-browserify: 1.0.1
      vscode-uri: 3.1.0

  '@vscode/emmet-helper@2.11.0':
    dependencies:
      emmet: 2.4.11
      jsonc-parser: 2.3.1
      vscode-languageserver-textdocument: 1.0.12
      vscode-languageserver-types: 3.17.5
      vscode-uri: 3.1.0

  '@vscode/l10n@0.0.18': {}

  ajv-draft-04@1.0.0(ajv@8.18.0):
    optionalDependencies:
      ajv: 8.18.0

  ajv@8.18.0:
    dependencies:
      fast-deep-equal: 3.1.3
      fast-uri: 3.1.0
      json-schema-traverse: 1.0.0
      require-from-string: 2.0.2

  ansi-regex@5.0.1: {}

  ansi-styles@4.3.0:
    dependencies:
      color-convert: 2.0.1

  chokidar@4.0.3:
    dependencies:
      readdirp: 4.1.2

  cliui@8.0.1:
    dependencies:
      string-width: 4.2.3
      strip-ansi: 6.0.1
      wrap-ansi: 7.0.0

  color-convert@2.0.1:
    dependencies:
      color-name: 1.1.4

  color-name@1.1.4: {}

  emmet@2.4.11:
    dependencies:
      '@emmetio/abbreviation': 2.3.3
      '@emmetio/css-abbreviation': 2.1.8

  emoji-regex@8.0.0: {}

  escalade@3.2.0: {}

  fast-deep-equal@3.1.3: {}

  fast-uri@3.1.0: {}

  fdir@6.5.0(picomatch@4.0.3):
    optionalDependencies:
      picomatch: 4.0.3

  get-caller-file@2.0.5: {}

  is-fullwidth-code-point@3.0.0: {}

  json-schema-traverse@1.0.0: {}

  jsonc-parser@2.3.1: {}

  jsonc-parser@3.3.1: {}

  kleur@4.1.5: {}

  lodash@4.17.21: {}

  muggle-string@0.4.1: {}

  path-browserify@1.0.1: {}

  picomatch@4.0.3: {}

  prettier@3.8.1: {}

  readdirp@4.1.2: {}

  request-light@0.5.8: {}

  request-light@0.7.0: {}

  require-directory@2.1.1: {}

  require-from-string@2.0.2: {}

  semver@7.7.4: {}

  string-width@4.2.3:
    dependencies:
      emoji-regex: 8.0.0
      is-fullwidth-code-point: 3.0.0
      strip-ansi: 6.0.1

  strip-ansi@6.0.1:
    dependencies:
      ansi-regex: 5.0.1

  tinyglobby@0.2.15:
    dependencies:
      fdir: 6.5.0(picomatch@4.0.3)
      picomatch: 4.0.3

  typesafe-path@0.2.2: {}

  typescript-auto-import-cache@0.3.6:
    dependencies:
      semver: 7.7.4

  typescript@5.9.3: {}

  volar-service-css@0.0.68(@volar/language-service@2.4.28):
    dependencies:
      vscode-css-languageservice: 6.3.9
      vscode-languageserver-textdocument: 1.0.12
      vscode-uri: 3.1.0
    optionalDependencies:
      '@volar/language-service': 2.4.28

  volar-service-emmet@0.0.68(@volar/language-service@2.4.28):
    dependencies:
      '@emmetio/css-parser': 0.4.1
      '@emmetio/html-matcher': 1.3.0
      '@vscode/emmet-helper': 2.11.0
      vscode-uri: 3.1.0
    optionalDependencies:
      '@volar/language-service': 2.4.28

  volar-service-html@0.0.68(@volar/language-service@2.4.28):
    dependencies:
      vscode-html-languageservice: 5.6.1
      vscode-languageserver-textdocument: 1.0.12
      vscode-uri: 3.1.0
    optionalDependencies:
      '@volar/language-service': 2.4.28

  volar-service-prettier@0.0.68(@volar/language-service@2.4.28)(prettier@3.8.1):
    dependencies:
      vscode-uri: 3.1.0
    optionalDependencies:
      '@volar/language-service': 2.4.28
      prettier: 3.8.1

  volar-service-typescript-twoslash-queries@0.0.68(@volar/language-service@2.4.28):
    dependencies:
      vscode-uri: 3.1.0
    optionalDependencies:
      '@volar/language-service': 2.4.28

  volar-service-typescript@0.0.68(@volar/language-service@2.4.28):
    dependencies:
      path-browserify: 1.0.1
      semver: 7.7.4
      typescript-auto-import-cache: 0.3.6
      vscode-languageserver-textdocument: 1.0.12
      vscode-nls: 5.2.0
      vscode-uri: 3.1.0
    optionalDependencies:
      '@volar/language-service': 2.4.28

  volar-service-yaml@0.0.68(@volar/language-service@2.4.28):
    dependencies:
      vscode-uri: 3.1.0
      yaml-language-server: 1.19.2
    optionalDependencies:
      '@volar/language-service': 2.4.28

  vscode-css-languageservice@6.3.9:
    dependencies:
      '@vscode/l10n': 0.0.18
      vscode-languageserver-textdocument: 1.0.12
      vscode-languageserver-types: 3.17.5
      vscode-uri: 3.1.0

  vscode-html-languageservice@5.6.1:
    dependencies:
      '@vscode/l10n': 0.0.18
      vscode-languageserver-textdocument: 1.0.12
      vscode-languageserver-types: 3.17.5
      vscode-uri: 3.1.0

  vscode-json-languageservice@4.1.8:
    dependencies:
      jsonc-parser: 3.3.1
      vscode-languageserver-textdocument: 1.0.12
      vscode-languageserver-types: 3.17.5
      vscode-nls: 5.2.0
      vscode-uri: 3.1.0

  vscode-jsonrpc@8.2.0: {}

  vscode-languageserver-protocol@3.17.5:
    dependencies:
      vscode-jsonrpc: 8.2.0
      vscode-languageserver-types: 3.17.5

  vscode-languageserver-textdocument@1.0.12: {}

  vscode-languageserver-types@3.17.5: {}

  vscode-languageserver@9.0.1:
    dependencies:
      vscode-languageserver-protocol: 3.17.5

  vscode-nls@5.2.0: {}

  vscode-uri@3.1.0: {}

  wrap-ansi@7.0.0:
    dependencies:
      ansi-styles: 4.3.0
      string-width: 4.2.3
      strip-ansi: 6.0.1

  y18n@5.0.8: {}

  yaml-language-server@1.19.2:
    dependencies:
      '@vscode/l10n': 0.0.18
      ajv: 8.18.0
      ajv-draft-04: 1.0.0(ajv@8.18.0)
      lodash: 4.17.21
      prettier: 3.8.1
      request-light: 0.5.8
      vscode-json-languageservice: 4.1.8
      vscode-languageserver: 9.0.1
      vscode-languageserver-textdocument: 1.0.12
      vscode-languageserver-types: 3.17.5
      vscode-uri: 3.1.0
      yaml: 2.7.1

  yaml@2.7.1: {}

  yaml@2.8.2: {}

  yargs-parser@21.1.1: {}

  yargs@17.7.2:
    dependencies:
      cliui: 8.0.1
      escalade: 3.2.0
      get-caller-file: 2.0.5
      require-directory: 2.1.1
      string-width: 4.2.3
      y18n: 5.0.8
      yargs-parser: 21.1.1
