# This is a Gradle generated file for dependency locking.
# Manual edits can break the build and are not advised.
# This file is expected to be part of source control.
com.google.protobuf:protobuf-bom:3.25.9=aggregateCodeCoverageReportResults,aggregateTestReportResults,annotationProcessor,compileClasspath,mainRuntimeClasspath,runtimeClasspath,testAnnotationProcessor,testCompileClasspath,testRuntimeClasspath
io.netty:netty-bom:4.1.132.Final=aggregateCodeCoverageReportResults,aggregateTestReportResults,annotationProcessor,compileClasspath,mainRuntimeClasspath,runtimeClasspath,testAnnotationProcessor,testCompileClasspath,testRuntimeClasspath
org.jacoco:org.jacoco.agent:0.8.14=jacocoAgent,jacocoAnt,koverJvmAgent
org.jacoco:org.jacoco.ant:0.8.14=jacocoAnt
org.jacoco:org.jacoco.core:0.8.14=jacocoAnt,koverJvmReporter
org.jacoco:org.jacoco.report:0.8.14=jacocoAnt,koverJvmReporter
org.ow2.asm:asm-bom:9.9=jacocoAnt,koverJvmReporter
org.ow2.asm:asm-commons:9.9=jacocoAnt,koverJvmReporter
org.ow2.asm:asm-tree:9.9=jacocoAnt,koverJvmReporter
org.ow2.asm:asm:9.9=jacocoAnt,koverJvmReporter
org.slf4j:slf4j-bom:2.1.0-alpha1=aggregateCodeCoverageReportResults,aggregateTestReportResults,annotationProcessor,compileClasspath,mainRuntimeClasspath,runtimeClasspath,testAnnotationProcessor,testCompileClasspath,testRuntimeClasspath
tools.jackson:jackson-bom:3.1.0=aggregateCodeCoverageReportResults,aggregateTestReportResults,annotationProcessor,compileClasspath,mainRuntimeClasspath,runtimeClasspath,testAnnotationProcessor,testCompileClasspath,testRuntimeClasspath
empty=cyclonedxBom,koverExternalArtifacts
